{
  "name": "httphdfs",
  "version": "1.0.0",
  "lockfileVersion": 1,
  "requires": true,
  "dependencies": {
    "async": {
      "version": "2.5.0",
      "resolved": "http://nexus.wdf.sap.corp:8081/nexus/repository/build.milestones.npm/async/-/async-2.5.0.tgz",
      "integrity": "sha512-e+lJAJeNWuPCNyxZKOBdaJGyLGHugXVQtrAwtuAe2vhxTYxFTKE73p8JuTmdH0qdQZtDvI4dhJwjZc5zsfIsYw==",
      "requires": {
        "lodash": "4.17.4"
      }
    },
    "balanced-match": {
      "version": "1.0.0",
      "resolved": "http://nexus.wdf.sap.corp:8081/nexus/repository/build.milestones.npm/balanced-match/-/balanced-match-1.0.0.tgz",
      "integrity": "sha1-ibTRmasr7kneFk6gK4nORi1xt2c="
    },
    "big.js": {
      "version": "3.1.3",
      "resolved": "http://nexus.wdf.sap.corp:8081/nexus/repository/build.milestones.npm/big.js/-/big.js-3.1.3.tgz",
      "integrity": "sha1-TK2iGTZS6zyp7I5VyQFWacmAaXg="
    },
    "brace-expansion": {
      "version": "1.1.8",
      "resolved": "http://nexus.wdf.sap.corp:8081/nexus/repository/build.milestones.npm/brace-expansion/-/brace-expansion-1.1.8.tgz",
      "integrity": "sha1-wHshHHyVLsH479Uad+8NHTmQopI=",
      "requires": {
        "balanced-match": "1.0.0",
        "concat-map": "0.0.1"
      }
    },
    "colors": {
      "version": "1.0.3",
      "resolved": "http://nexus.wdf.sap.corp:8081/nexus/repository/build.milestones.npm/colors/-/colors-1.0.3.tgz",
      "integrity": "sha1-BDP0TYCWgP3rYO0mDxsMJi6CpAs="
    },
    "commander": {
      "version": "2.1.0",
      "resolved": "http://nexus.wdf.sap.corp:8081/nexus/repository/build.milestones.npm/commander/-/commander-2.1.0.tgz",
      "integrity": "sha1-0SG7roYNmZKj1Re6lvVliOR8Z4E="
    },
    "concat-map": {
      "version": "0.0.1",
      "resolved": "http://nexus.wdf.sap.corp:8081/nexus/repository/build.milestones.npm/concat-map/-/concat-map-0.0.1.tgz",
      "integrity": "sha1-2Klr13/Wjfd5OnMDajug1UBdR3s="
    },
    "cycle": {
      "version": "1.0.3",
      "resolved": "http://nexus.wdf.sap.corp:8081/nexus/repository/build.milestones.npm/cycle/-/cycle-1.0.3.tgz",
      "integrity": "sha1-IegLK+hYD5i0aPN5QwZisEbDStI="
    },
    "debug": {
      "version": "2.6.8",
      "resolved": "http://nexus.wdf.sap.corp:8081/nexus/repository/build.milestones.npm/debug/-/debug-2.6.8.tgz",
      "integrity": "sha1-5zFTHKLt4n0YgiJCfaF4IdaP9Pw=",
      "requires": {
        "ms": "2.0.0"
      }
    },
    "each": {
      "version": "0.6.1",
      "resolved": "http://nexus.wdf.sap.corp:8081/nexus/repository/build.milestones.npm/each/-/each-0.6.1.tgz",
      "integrity": "sha1-EYHMR5M4ggVaWQ9wrnjBsR8biGU=",
      "requires": {
        "glob": "7.0.6"
      }
    },
    "eyes": {
      "version": "0.1.8",
      "resolved": "http://nexus.wdf.sap.corp:8081/nexus/repository/build.milestones.npm/eyes/-/eyes-0.1.8.tgz",
      "integrity": "sha1-Ys8SAjTGg3hdkCNIqADvPgzCC8A="
    },
    "find-java-home": {
      "version": "0.1.3",
      "resolved": "http://nexus.wdf.sap.corp:8081/nexus/repository/build.milestones.npm/find-java-home/-/find-java-home-0.1.3.tgz",
      "integrity": "sha1-lOnTr2UhKavGHbBKZNC1OZirbuQ=",
      "requires": {
        "which": "1.0.9"
      }
    },
    "fs.realpath": {
      "version": "1.0.0",
      "resolved": "http://nexus.wdf.sap.corp:8081/nexus/repository/build.milestones.npm/fs.realpath/-/fs.realpath-1.0.0.tgz",
      "integrity": "sha1-FQStJSMVjKpA20onh8sBQRmU6k8="
    },
    "glob": {
      "version": "7.0.6",
      "resolved": "http://nexus.wdf.sap.corp:8081/nexus/repository/build.milestones.npm/glob/-/glob-7.0.6.tgz",
      "integrity": "sha1-IRuvr0nlJbjNkyYNFKsTYVKz9Xo=",
      "requires": {
        "fs.realpath": "1.0.0",
        "inflight": "1.0.6",
        "inherits": "2.0.3",
        "minimatch": "3.0.4",
        "once": "1.4.0",
        "path-is-absolute": "1.0.1"
      }
    },
    "inflight": {
      "version": "1.0.6",
      "resolved": "http://nexus.wdf.sap.corp:8081/nexus/repository/build.milestones.npm/inflight/-/inflight-1.0.6.tgz",
      "integrity": "sha1-Sb1jMdfQLQwJvJEKEHW6gWW1bfk=",
      "requires": {
        "once": "1.4.0",
        "wrappy": "1.0.2"
      }
    },
    "inherits": {
      "version": "2.0.3",
      "resolved": "http://nexus.wdf.sap.corp:8081/nexus/repository/build.milestones.npm/inherits/-/inherits-2.0.3.tgz",
      "integrity": "sha1-Yzwsg+PaQqUC9SRmAiSA9CCCYd4="
    },
    "install": {
      "version": "0.10.1",
      "resolved": "http://nexus.wdf.sap.corp:8081/nexus/repository/build.milestones.npm/install/-/install-0.10.1.tgz",
      "integrity": "sha1-HHtTyN1zNe9TTCZI3ij1md8b3Zc="
    },
    "isstream": {
      "version": "0.1.2",
      "resolved": "http://nexus.wdf.sap.corp:8081/nexus/repository/build.milestones.npm/isstream/-/isstream-0.1.2.tgz",
      "integrity": "sha1-R+Y/evVa+m+S4VAOaQ64uFKcCZo="
    },
    "java": {
      "version": "0.8.0",
      "resolved": "http://nexus.wdf.sap.corp:8081/nexus/repository/build.milestones.npm/java/-/java-0.8.0.tgz",
      "integrity": "sha1-I6b3rGpvhdVRyJ9P5JxHxIHfTKs=",
      "requires": {
        "async": "2.0.1",
        "find-java-home": "0.1.3",
        "glob": "7.1.1",
        "lodash": "4.16.4",
        "nan": "2.4.0"
      },
      "dependencies": {
        "async": {
          "version": "2.0.1",
          "resolved": "http://nexus.wdf.sap.corp:8081/nexus/repository/build.milestones.npm/async/-/async-2.0.1.tgz",
          "integrity": "sha1-twnMAoCpw28J9FNr6CPIOKkEniU=",
          "requires": {
            "lodash": "4.16.4"
          }
        },
        "glob": {
          "version": "7.1.1",
          "resolved": "http://nexus.wdf.sap.corp:8081/nexus/repository/build.milestones.npm/glob/-/glob-7.1.1.tgz",
          "integrity": "sha1-gFIR3wT6rxxjo2ADBs31reULLsg=",
          "requires": {
            "fs.realpath": "1.0.0",
            "inflight": "1.0.6",
            "inherits": "2.0.3",
            "minimatch": "3.0.4",
            "once": "1.4.0",
            "path-is-absolute": "1.0.1"
          }
        },
        "lodash": {
          "version": "4.16.4",
          "resolved": "http://nexus.wdf.sap.corp:8081/nexus/repository/build.milestones.npm/lodash/-/lodash-4.16.4.tgz",
          "integrity": "sha1-Ac4wa5utExnypVKGdPiCl663ASc="
        },
        "nan": {
          "version": "2.4.0",
          "resolved": "http://nexus.wdf.sap.corp:8081/nexus/repository/build.milestones.npm/nan/-/nan-2.4.0.tgz",
          "integrity": "sha1-+zxZ1F/k7/4hXwuJD4rfbrMtIjI="
        }
      }
    },
    "jdbc": {
      "version": "0.5.1",
      "resolved": "http://nexus.wdf.sap.corp:8081/nexus/repository/build.milestones.npm/jdbc/-/jdbc-0.5.1.tgz",
      "integrity": "sha1-ZvbEzSwa1hkqgIFTiM9AJVNkLSo=",
      "requires": {
        "async": "2.4.1",
        "java": "0.8.0",
        "lodash": "4.17.4",
        "uuid": "3.1.0",
        "winston": "2.3.1"
      },
      "dependencies": {
        "async": {
          "version": "2.4.1",
          "resolved": "http://nexus.wdf.sap.corp:8081/nexus/repository/build.milestones.npm/async/-/async-2.4.1.tgz",
          "integrity": "sha1-YqVrJ5yYoR0JhwlqAcw+6463u9c=",
          "requires": {
            "lodash": "4.17.4"
          }
        },
        "lodash": {
          "version": "4.17.4",
          "resolved": "http://nexus.wdf.sap.corp:8081/nexus/repository/build.milestones.npm/lodash/-/lodash-4.17.4.tgz",
          "integrity": "sha1-eCA6TRwyiuHYbcpkYONptX9AVa4="
        }
      }
    },
    "jshs2": {
      "version": "0.4.2",
      "resolved": "http://nexus.wdf.sap.corp:8081/nexus/repository/build.milestones.npm/jshs2/-/jshs2-0.4.2.tgz",
      "integrity": "sha1-hc30zmaFF1DkWrFlCcks/9x2tLU=",
      "requires": {
        "big.js": "3.1.3",
        "debug": "2.6.8",
        "lodash": "3.10.1",
        "moment": "2.18.1",
        "node-int64": "0.3.3",
        "thrift": "0.9.3"
      },
      "dependencies": {
        "lodash": {
          "version": "3.10.1",
          "resolved": "http://nexus.wdf.sap.corp:8081/nexus/repository/build.milestones.npm/lodash/-/lodash-3.10.1.tgz",
          "integrity": "sha1-W/Rejkm6QYnhfUgnid/RW9FAt7Y="
        },
        "thrift": {
          "version": "0.9.3",
          "resolved": "http://nexus.wdf.sap.corp:8081/nexus/repository/build.milestones.npm/thrift/-/thrift-0.9.3.tgz",
          "integrity": "sha1-mQITNkA9QuCLjvrbHDegbXmYsqY=",
          "requires": {
            "node-int64": "0.3.3",
            "q": "1.0.1",
            "ws": "0.4.32"
          }
        }
      }
    },
    "lodash": {
      "version": "4.17.4",
      "resolved": "http://nexus.wdf.sap.corp:8081/nexus/repository/build.milestones.npm/lodash/-/lodash-4.17.4.tgz",
      "integrity": "sha1-eCA6TRwyiuHYbcpkYONptX9AVa4="
    },
    "minimatch": {
      "version": "3.0.4",
      "resolved": "http://nexus.wdf.sap.corp:8081/nexus/repository/build.milestones.npm/minimatch/-/minimatch-3.0.4.tgz",
      "integrity": "sha512-yJHVQEhyqPLUTgt9B83PXu6W3rx4MvvHvSUvToogpwoGDOUQ+yDrR0HRot+yOCdCO7u4hX3pWft6kWBBcqh0UA==",
      "requires": {
        "brace-expansion": "1.1.8"
      }
    },
    "moment": {
      "version": "2.18.1",
      "resolved": "http://nexus.wdf.sap.corp:8081/nexus/repository/build.milestones.npm/moment/-/moment-2.18.1.tgz",
      "integrity": "sha1-w2GT3Tzhwu7SrbfIAtu8d6gbHA8="
    },
    "ms": {
      "version": "2.0.0",
      "resolved": "http://nexus.wdf.sap.corp:8081/nexus/repository/build.milestones.npm/ms/-/ms-2.0.0.tgz",
      "integrity": "sha1-VgiurfwAvmwpAd9fmGF4jeDVl8g="
    },
    "nan": {
      "version": "1.0.0",
      "resolved": "http://nexus.wdf.sap.corp:8081/nexus/repository/build.milestones.npm/nan/-/nan-1.0.0.tgz",
      "integrity": "sha1-riT4hQgY1mL8q1rPfzuVv6oszzg="
    },
    "node-hive": {
      "version": "0.1.1",
      "resolved": "http://nexus.wdf.sap.corp:8081/nexus/repository/build.milestones.npm/node-hive/-/node-hive-0.1.1.tgz",
      "integrity": "sha1-O/LtzNqi3pc8QBPR0PJ944sStEE="
    },
    "node-int64": {
      "version": "0.3.3",
      "resolved": "http://nexus.wdf.sap.corp:8081/nexus/repository/build.milestones.npm/node-int64/-/node-int64-0.3.3.tgz",
      "integrity": "sha1-LW5rLs5d6FiLQ9iNG8QbJs0fqE0="
    },
    "once": {
      "version": "1.4.0",
      "resolved": "http://nexus.wdf.sap.corp:8081/nexus/repository/build.milestones.npm/once/-/once-1.4.0.tgz",
      "integrity": "sha1-WDsap3WWHUsROsF9nFC6753Xa9E=",
      "requires": {
        "wrappy": "1.0.2"
      }
    },
    "options": {
      "version": "0.0.6",
      "resolved": "http://nexus.wdf.sap.corp:8081/nexus/repository/build.milestones.npm/options/-/options-0.0.6.tgz",
      "integrity": "sha1-7CLTEoBrtT5zF3Pnza788cZDEo8="
    },
    "path-is-absolute": {
      "version": "1.0.1",
      "resolved": "http://nexus.wdf.sap.corp:8081/nexus/repository/build.milestones.npm/path-is-absolute/-/path-is-absolute-1.0.1.tgz",
      "integrity": "sha1-F0uSaHNVNP+8es5r9TpanhtcX18="
    },
    "q": {
      "version": "1.0.1",
      "resolved": "http://nexus.wdf.sap.corp:8081/nexus/repository/build.milestones.npm/q/-/q-1.0.1.tgz",
      "integrity": "sha1-EYcq7t7okmgRCxCnGESP+xARKhQ="
    },
    "stack-trace": {
      "version": "0.0.10",
      "resolved": "http://nexus.wdf.sap.corp:8081/nexus/repository/build.milestones.npm/stack-trace/-/stack-trace-0.0.10.tgz",
      "integrity": "sha1-VHxws0fo0ytOEI6hoqFZ5f3eGcA="
    },
    "thrift": {
      "version": "0.10.0",
      "resolved": "http://nexus.wdf.sap.corp:8081/nexus/repository/build.milestones.npm/thrift/-/thrift-0.10.0.tgz",
      "integrity": "sha1-M5r2WSFnezBWCqUdb3qxuAkck3Y=",
      "requires": {
        "node-int64": "0.3.3",
        "q": "1.0.1",
        "ws": "0.4.32"
      }
    },
    "thrift-hive": {
      "version": "0.0.7",
      "resolved": "http://nexus.wdf.sap.corp:8081/nexus/repository/build.milestones.npm/thrift-hive/-/thrift-hive-0.0.7.tgz",
      "integrity": "sha1-I42lQdhUcuNxGY9BIwCupe22Lzs=",
      "requires": {
        "each": "0.6.1",
        "thrift": "0.10.0"
      },
      "dependencies": {
        "thrift": {
          "version": "0.10.0",
          "resolved": "http://nexus.wdf.sap.corp:8081/nexus/repository/build.milestones.npm/thrift/-/thrift-0.10.0.tgz",
          "integrity": "sha1-M5r2WSFnezBWCqUdb3qxuAkck3Y=",
          "requires": {
            "node-int64": "0.3.3",
            "q": "1.0.1",
            "ws": "0.4.32"
          }
        }
      }
    },
    "tinycolor": {
      "version": "0.0.1",
      "resolved": "http://nexus.wdf.sap.corp:8081/nexus/repository/build.milestones.npm/tinycolor/-/tinycolor-0.0.1.tgz",
      "integrity": "sha1-MgtaUtg6u1l42Bo+iH1K77FaYWQ="
    },
    "uuid": {
      "version": "3.1.0",
      "resolved": "http://nexus.wdf.sap.corp:8081/nexus/repository/build.milestones.npm/uuid/-/uuid-3.1.0.tgz",
      "integrity": "sha512-DIWtzUkw04M4k3bf1IcpS2tngXEL26YUD2M0tMDUpnUrz2hgzUBlD55a4FjdLGPvfHxS6uluGWvaVEqgBcVa+g=="
    },
    "which": {
      "version": "1.0.9",
      "resolved": "http://nexus.wdf.sap.corp:8081/nexus/repository/build.milestones.npm/which/-/which-1.0.9.tgz",
      "integrity": "sha1-RgwdoPgQED0DIam2M6+eV15kSG8="
    },
    "winston": {
      "version": "2.3.1",
      "resolved": "http://nexus.wdf.sap.corp:8081/nexus/repository/build.milestones.npm/winston/-/winston-2.3.1.tgz",
      "integrity": "sha1-C0hCDZeMAYBM8CMLZIhhWYIloRk=",
      "requires": {
        "async": "1.0.0",
        "colors": "1.0.3",
        "cycle": "1.0.3",
        "eyes": "0.1.8",
        "isstream": "0.1.2",
        "stack-trace": "0.0.10"
      },
      "dependencies": {
        "async": {
          "version": "1.0.0",
          "resolved": "http://nexus.wdf.sap.corp:8081/nexus/repository/build.milestones.npm/async/-/async-1.0.0.tgz",
          "integrity": "sha1-+PwEyjoTeErenhZBr5hXjPvWR6k="
        }
      }
    },
    "wrappy": {
      "version": "1.0.2",
      "resolved": "http://nexus.wdf.sap.corp:8081/nexus/repository/build.milestones.npm/wrappy/-/wrappy-1.0.2.tgz",
      "integrity": "sha1-tSQ9jz7BqjXxNkYFvA0QNuMKtp8="
    },
    "ws": {
      "version": "0.4.32",
      "resolved": "http://nexus.wdf.sap.corp:8081/nexus/repository/build.milestones.npm/ws/-/ws-0.4.32.tgz",
      "integrity": "sha1-eHphVEFPPJntg8V3IVOyD+sM7DI=",
      "requires": {
        "commander": "2.1.0",
        "nan": "1.0.0",
        "options": "0.0.6",
        "tinycolor": "0.0.1"
      }
    }
  }
}
